
Microsoft Visual Studio Solution File, Format Version 12.00
# Visual Studio Version 16
VisualStudioVersion = 25.0.1706.14
MinimumVisualStudioVersion = 10.0.40219.1
Project("{FAE04EC0-301F-11D3-BF4B-00C04F79EFBC}") = "Danorjuela.Utils.ResponseProcessor", "Danorjuela.Utils.ResponseProcessor\Danorjuela.Utils.ResponseProcessor.csproj", "{C6B38A08-6551-40AE-A34F-4B73B75B24BE}"
EndProject
Global
	GlobalSection(SolutionConfigurationPlatforms) = preSolution
		Debug|Any CPU = Debug|Any CPU
		Release|Any CPU = Release|Any CPU
	EndGlobalSection
	GlobalSection(ProjectConfigurationPlatforms) = postSolution
		{C6B38A08-6551-40AE-A34F-4B73B75B24BE}.Debug|Any CPU.ActiveCfg = Debug|Any CPU
		{C6B38A08-6551-40AE-A34F-4B73B75B24BE}.Debug|Any CPU.Build.0 = Debug|Any CPU
		{C6B38A08-6551-40AE-A34F-4B73B75B24BE}.Release|Any CPU.ActiveCfg = Release|Any CPU
		{C6B38A08-6551-40AE-A34F-4B73B75B24BE}.Release|Any CPU.Build.0 = Release|Any CPU
	EndGlobalSection
	GlobalSection(SolutionProperties) = preSolution
		HideSolutionNode = FALSE
	EndGlobalSection
	GlobalSection(ExtensibilityGlobals) = postSolution
		SolutionGuid = {71EBA6CE-E74F-494A-A113-E1BD1F2934C6}
	EndGlobalSection
EndGlobal
